
Microsoft Visual Studio Solution File, Format Version 11.00
# Visual Studio 2010
Project("{FAE04EC0-301F-11D3-BF4B-00C04F79EFBC}") = "DshFrontend", "DshFrontend\DshFrontend.csproj", "{BB1A4C2B-7582-4957-99BC-0D896BDE08ED}"
EndProject
Project("{FAE04EC0-301F-11D3-BF4B-00C04F79EFBC}") = "DshBackend", "..\Backend\DshBackend\DshBackend.csproj", "{1CFF2C2C-51B9-4CB2-91E4-EB2B238541F0}"
EndProject
Global
	GlobalSection(SolutionConfigurationPlatforms) = preSolution
		Debug|Any CPU = Debug|Any CPU
		Release|Any CPU = Release|Any CPU
	EndGlobalSection
	GlobalSection(ProjectConfigurationPlatforms) = postSolution
		{BB1A4C2B-7582-4957-99BC-0D896BDE08ED}.Debug|Any CPU.ActiveCfg = Debug|Any CPU
		{BB1A4C2B-7582-4957-99BC-0D896BDE08ED}.Debug|Any CPU.Build.0 = Debug|Any CPU
		{BB1A4C2B-7582-4957-99BC-0D896BDE08ED}.Release|Any CPU.ActiveCfg = Release|Any CPU
		{BB1A4C2B-7582-4957-99BC-0D896BDE08ED}.Release|Any CPU.Build.0 = Release|Any CPU
		{1CFF2C2C-51B9-4CB2-91E4-EB2B238541F0}.Debug|Any CPU.ActiveCfg = Debug|Any CPU
		{1CFF2C2C-51B9-4CB2-91E4-EB2B238541F0}.Debug|Any CPU.Build.0 = Debug|Any CPU
		{1CFF2C2C-51B9-4CB2-91E4-EB2B238541F0}.Release|Any CPU.ActiveCfg = Release|Any CPU
		{1CFF2C2C-51B9-4CB2-91E4-EB2B238541F0}.Release|Any CPU.Build.0 = Release|Any CPU
	EndGlobalSection
	GlobalSection(SolutionProperties) = preSolution
		HideSolutionNode = FALSE
	EndGlobalSection
EndGlobal
